
Microsoft Visual Studio Solution File, Format Version 12.00
# Visual Studio Version 16
VisualStudioVersion = 16.0.32602.291
MinimumVisualStudioVersion = 10.0.40219.1
Project("{9A19103F-16F7-4668-BE54-9A1E7A4F7556}") = "SchoolManagement", "SchoolManagement\SchoolManagement.csproj", "{2DB478EE-B158-45C3-9635-013AA5A55D4F}"
EndProject
Project("{FAE04EC0-301F-11D3-BF4B-00C04F79EFBC}") = "SchoolManagement.Tests", "tests\SchoolManagement.Tests\SchoolManagement.Tests.csproj", "{CED0B79A-4F6A-43FC-AB15-84A01F16E62F}"
EndProject
Global
	GlobalSection(SolutionConfigurationPlatforms) = preSolution
		Debug|Any CPU = Debug|Any CPU
		Release|Any CPU = Release|Any CPU
	EndGlobalSection
	GlobalSection(ProjectConfigurationPlatforms) = postSolution
		{2DB478EE-B158-45C3-9635-013AA5A55D4F}.Debug|Any CPU.ActiveCfg = Debug|Any CPU
		{2DB478EE-B158-45C3-9635-013AA5A55D4F}.Debug|Any CPU.Build.0 = Debug|Any CPU
		{2DB478EE-B158-45C3-9635-013AA5A55D4F}.Release|Any CPU.ActiveCfg = Release|Any CPU
		{2DB478EE-B158-45C3-9635-013AA5A55D4F}.Release|Any CPU.Build.0 = Release|Any CPU
		{CED0B79A-4F6A-43FC-AB15-84A01F16E62F}.Debug|Any CPU.ActiveCfg = Debug|Any CPU
		{CED0B79A-4F6A-43FC-AB15-84A01F16E62F}.Debug|Any CPU.Build.0 = Debug|Any CPU
		{CED0B79A-4F6A-43FC-AB15-84A01F16E62F}.Release|Any CPU.ActiveCfg = Release|Any CPU
		{CED0B79A-4F6A-43FC-AB15-84A01F16E62F}.Release|Any CPU.Build.0 = Release|Any CPU
	EndGlobalSection
	GlobalSection(SolutionProperties) = preSolution
		HideSolutionNode = FALSE
	EndGlobalSection
	GlobalSection(ExtensibilityGlobals) = postSolution
		SolutionGuid = {CA33EC94-8DB9-4ECD-AD4C-7245BC388418}
	EndGlobalSection
EndGlobal
